codeberg.org/go-fonts/liberation v0.5.0 h1:SsKoMO1v1OZmzkG2DY+7ZkCL9U+rrWI09niOLfQ5Bo0=
codeberg.org/go-fonts/liberation v0.5.0/go.mod h1:zS/2e1354/mJ4pGzIIaEtm/59VFCFnYC7YV6YdGl5GU=
codeberg.org/go-latex/latex v0.3.0 h1:LKTaDHFbEC2PH1sh0sYv6PZ1pzs/g2aoeV1HItWj/bg=
codeberg.org/go-latex/latex v0.3.0/go.mod h1:8ETijTpK2bFtwRAXLXe1RZJrYxnc5pibibZfQBj+Lk4=
codeberg.org/go-pdf/fpdf v0.12.0 h1:g8E/1VqGqB2lZUUaqQrrTnA0IEJLPTTX1DZ0qS/ZmhU=
codeberg.org/go-pdf/fpdf v0.12.0/go.mod h1:WJNJ2bvCj81rZBdhOf7lKOGoSl+OKMXcIcXqDcP8r5Y=
git.sr.ht/~sbinet/cmpimg v0.1.0 h1:E0zPRk2muWuCqSKSVZIWsgtU9pjsw3eKHi8VmQeScxo=
git.sr.ht/~sbinet/cmpimg v0.1.0/go.mod h1:FU12psLbF4TfNXkKH2ZZQ29crIqoiqTZmeQ7dkp/pxE=
git.sr.ht/~sbinet/gg v0.7.0 h1:YmNf7YKd7diDMTPm86hZa1EM3pbkOyD/zzjl0LZUdNM=
git.sr.ht/~sbinet/gg v0.7.0/go.mod h1:VYeli15tpMM4EvqlivlVbbyvWZlOU+EZn4XZmfBGUdM=
github.com/BurntSushi/freetype-go v0.0.0-20160129220410-b763ddbfe298 h1:1qlsVAQJXZHsaM8b6OLVo6muQUQd4CwkH/D3fnnbHXA=
github.com/BurntSushi/freetype-go v0.0.0-20160129220410-b763ddbfe298/go.mod h1:D+QujdIlUNfa0igpNMk6UIvlb6C252URs4yupRUV4lQ=
github.com/BurntSushi/graphics-go v0.0.0-20160129215708-b43f31a4a966 h1:lTG4HQym5oPKjL7nGs+csTgiDna685ZXjxijkne828g=
github.com/BurntSushi/graphics-go v0.0.0-20160129215708-b43f31a4a966/go.mod h1:Mid70uvE93zn9wgF92A/r5ixgnvX8Lh68fxp9KQBaI0=
github.com/BurntSushi/xgb v0.0.0-20210121224620-deaf085860bc h1:7D+Bh06CRPCJO3gr2F7h1sriovOZ8BMhca2Rg85c2nk=
github.com/BurntSushi/xgb v0.0.0-20210121224620-deaf085860bc/go.mod h1:IVnqGOEym/WlBOVXweHU+Q+/VP0lqqI8lqeDx9IjBqo=
github.com/BurntSushi/xgbutil v0.0.0-20190907113008-ad855c713046 h1:O/r2Sj+8QcMF7V5IcmiE2sMFV2q3J47BEirxbXJAdzA=
github.com/BurntSushi/xgbutil v0.0.0-20190907113008-ad855c713046/go.mod h1:uw9h2sd4WWHOPdJ13MQpwK5qYWKYDumDqxWWIknEQ+k=
github.com/ByteArena/poly2tri-go v0.0.0-20170716161910-d102ad91854f h1:l7moT9o/v/9acCWA64Yz/HDLqjcRTvc0noQACi4MsJw=
github.com/ByteArena/poly2tri-go v0.0.0-20170716161910-d102ad91854f/go.mod h1:vIOkSdX3NDCPwgu8FIuTat2zDF0FPXXQ0RYFRy+oQic=
github.com/STARRY-S/zip v0.2.3 h1:luE4dMvRPDOWQdeDdUxUoZkzUIpTccdKdhHHsQJ1fm4=
github.com/STARRY-S/zip v0.2.3/go.mod h1:lqJ9JdeRipyOQJrYSOtpNAiaesFO6zVDsE8GIGFaoSk=
github.com/ajstarks/svgo v0.0.0-20211024235047-1546f124cd8b h1:slYM766cy2nI3BwyRiyQj/Ud48djTMtMebDqepE95rw=
github.com/ajstarks/svgo v0.0.0-20211024235047-1546f124cd8b/go.mod h1:1KcenG0jGWcpt8ov532z81sp/kMMUG485J2InIOyADM=
github.com/alecthomas/assert/v2 v2.11.0 h1:2Q9r3ki8+JYXvGsDyBXwH3LcJ+WK5D0gc5E8vS6K3D0=
github.com/alecthomas/assert/v2 v2.11.0/go.mod h1:Bze95FyfUr7x34QZrjL+XP+0qgp/zg8yS+TtBj1WA3k=
github.com/alecthomas/chroma/v2 v2.27.0 h1:FodwmyOBgJULFYmDqibcp9pvfDLWdtPRh9v/r5BXYZs=
github.com/alecthomas/chroma/v2 v2.27.0/go.mod h1:NjJ3ciIgrqBNeIkWZ4e46nseoLDslxU1LmfCoL+wcY8=
github.com/alecthomas/repr v0.5.2 h1:SU73FTI9D1P5UNtvseffFSGmdNci/O6RsqzeXJtP0Qs=
github.com/alecthomas/repr v0.5.2/go.mod h1:Fr0507jx4eOXV7AlPV6AVZLYrLIuIeSOWtW57eE/O/4=
github.com/andybalholm/brotli v1.2.2 h1:HzTuoo2ErYQqf5qvcJInB8uvqSVxRttzkFexPWtnceM=
github.com/andybalholm/brotli v1.2.2/go.mod h1:rzTDkvFWvIrjDXZHkuS16NPggd91W3kUSvPlQ1pLaKY=
github.com/benoitkugler/pstokenizer v1.0.0/go.mod h1:l1G2Voirz0q/jj0TQfabNxVsa8HZXh/VMxFSRALWTiE=
github.com/benoitkugler/textlayout v0.3.2 h1:Y/LTkwpQ9G0Fia9yhPmZA9IR5AnE8Cq30j3C+Gx5/IE=
github.com/benoitkugler/textlayout v0.3.2/go.mod h1:o+1hFV+JSHBC9qNLIuwVoLedERU7sBPgEFcuSgfvi/w=
github.com/benoitkugler/textlayout-testdata v0.1.1/go.mod h1:i/qZl09BbUOtd7Bu/W1CAubRwTWrEXWq6JwMkw8wYxo=
github.com/benoitkugler/textprocessing v0.0.6 h1:obkMyj62GEPg3xUVYqROlCN22z1OleuZm6ULqX9Om1g=
github.com/benoitkugler/textprocessing v0.0.6/go.mod h1:Io0gN08/PXEzrSOWFa88xHx2Xv3VjvLMY7H76YoI23A=
github.com/bodgit/plumbing v1.3.0 h1:pf9Itz1JOQgn7vEOE7v7nlEfBykYqvUYioC61TwWCFU=
github.com/bodgit/plumbing v1.3.0/go.mod h1:JOTb4XiRu5xfnmdnDJo6GmSbSbtSyufrsyZFByMtKEs=
github.com/bodgit/sevenzip v1.6.5 h1:7H7BxgmeX0j6UX42lH+KXQ92WgMQJ49DoocFdfHbCng=
github.com/bodgit/sevenzip v1.6.5/go.mod h1:GhuB6Lq1xCpP1sps+horjZ8lgiKPJcy2zUX3prla9wc=
github.com/bodgit/windows v1.0.1 h1:tF7K6KOluPYygXa3Z2594zxlkbKPAOvqr97etrGNIz4=
github.com/bodgit/windows v1.0.1/go.mod h1:a6JLwrB4KrTR5hBpp8FI9/9W9jJfeQ2h4XDXU74ZCdM=
github.com/boombuler/barcode v1.0.0/go.mod h1:paBWMcWSl3LHKBqUq+rly7CNSldXjb2rDl3JlRe0mD8=
github.com/cshum/vipsgen v1.3.10 h1:HJpdHXiAhkmF+Q3/tshbW7RlU1yKZgrqLkdAxkwPOe0=
github.com/cshum/vipsgen v1.3.10/go.mod h1:AmCpW+vKfu16ZFPN/PBgtLsAl3kt7c0y2uA4bD5Lzk8=
github.com/davecgh/go-spew v1.1.0/go.mod h1:J7Y8YcW2NihsgmVo/mv3lAwl/skON4iLHjSsI+c5H38=
github.com/davecgh/go-spew v1.1.1/go.mod h1:J7Y8YcW2NihsgmVo/mv3lAwl/skON4iLHjSsI+c5H38=
github.com/davecgh/go-spew v1.1.2-0.20180830191138-d8f796af33cc h1:U9qPSI2PIWSS1VwoXQT9A3Wy9MM3WgvqSxFWenqJduM=
github.com/davecgh/go-spew v1.1.2-0.20180830191138-d8f796af33cc/go.mod h1:J7Y8YcW2NihsgmVo/mv3lAwl/skON4iLHjSsI+c5H38=
github.com/dhowden/tag v0.0.0-20240417053706-3d75831295e8 h1:OtSeLS5y0Uy01jaKK4mA/WVIYtpzVm63vLVAPzJXigg=
github.com/dhowden/tag v0.0.0-20240417053706-3d75831295e8/go.mod h1:apkPC/CR3s48O2D7Y++n1XWEpgPNNCjXYga3PPbJe2E=
github.com/dlclark/regexp2/v2 v2.5.2 h1:HAsucWRhsqcDzl6Ua9aR8JwYOTzrZyPrF0/FNxJVAI0=
github.com/dlclark/regexp2/v2 v2.5.2/go.mod h1:avUrQvPaLz2DrFNHJF0taWAFFX2C1GMSSoeiqFjcBmU=
github.com/dsnet/compress v0.0.2-0.20230904184137-39efe44ab707 h1:2tV76y6Q9BB+NEBasnqvs7e49aEBFI8ejC89PSnWH+4=
github.com/dsnet/compress v0.0.2-0.20230904184137-39efe44ab707/go.mod h1:qssHWj60/X5sZFNxpG4HBPDHVqxNm4DfnCKgrbZOT+s=
github.com/dsnet/golib v0.0.0-20171103203638-1ea166775780/go.mod h1:Lj+Z9rebOhdfkVLjJ8T6VcRQv3SXugXy999NBtR9aFY=
github.com/ebitengine/purego v0.10.2 h1:W809HbnvzAxgdm+aOvlSekrM16wGCdT/e76+9tS7gzE=
github.com/ebitengine/purego v0.10.2/go.mod h1:iIjxzd6CiRiOG0UyXP+V1+jWqUXVjPKLAI0mRfJZTmQ=
github.com/gabriel-vasile/mimetype v1.4.14-rc1 h1:NxRpIvVCPWBfzTZ7QE7jKbkAIXZSl3UHB+CjGNG65SU=
github.com/gabriel-vasile/mimetype v1.4.14-rc1/go.mod h1:d+9Oxyo1wTzWdyVUPMmXFvp4F9tea18J8ufA774AB3s=
github.com/gen2brain/go-fitz v1.28.2 h1:845G85N5TUgnq5oDqyYrW0JvehAkeo35UkkK2dJtW1M=
github.com/gen2brain/go-fitz v1.28.2/go.mod h1:pY2hqAjp9Zy7qfPI2gwbJMHBFAdZpVXOLrRxD82l3Bs=
github.com/go-fonts/latin-modern v0.3.3 h1:g2xNgI8yzdNzIVm+qvbMryB6yGPe0pSMss8QT3QwlJ0=
github.com/go-fonts/latin-modern v0.3.3/go.mod h1:tHaiWDGze4EPB0Go4cLT5M3QzRY3peya09Z/8KSCrpY=
github.com/go-swiss/fonts v0.0.0-20230807175105-90067c2f5042 h1:XixsvBpVfV0N8EhFVDZNvzOZf5nUqfRWXIjrRsuLP7E=
github.com/go-swiss/fonts v0.0.0-20230807175105-90067c2f5042/go.mod h1:kDru5pqfnVEL7+5tYsZOuWRGeWpDJHveRKxRJe5y0hE=
github.com/go-text/typesetting v0.3.4 h1:YYurUOtEb9kGSOz4uE3k4OpBGsp1dDL8+fjCeaFamAU=
github.com/go-text/typesetting v0.3.4/go.mod h1:4qZCQphq4KSgGTAeI0uMEkVbROgfah8BuyF5LRYr7XY=
github.com/go-text/typesetting-utils v0.0.0-20260223113751-2d88ac90dae3 h1:drBZzMgdYPbmyXqOto4YhhJGrFIQCX94FpR4MzTCsos=
github.com/go-text/typesetting-utils v0.0.0-20260223113751-2d88ac90dae3/go.mod h1:3/62I4La/HBRX9TcTpBj4eipLiwzf+vhI+7whTc9V7o=
github.com/golang/freetype v0.0.0-20170609003504-e2365dfdc4a0 h1:DACJavvAHhabrF08vX0COfcOBJRhZ8lUbR+ZWIs0Y5g=
github.com/golang/freetype v0.0.0-20170609003504-e2365dfdc4a0/go.mod h1:E/TSTwGwJL78qG/PmXZO1EjYhfJinVAhrmmHX6Z8B9k=
github.com/google/go-cmp v0.5.5/go.mod h1:v8dTdLbMG2kIc/vJvl+f65V22dbkXbowE6jgT/gNBxE=
github.com/hashicorp/golang-lru/v2 v2.0.7 h1:a+bsQ5rvGLjzHuww6tVxozPZFVghXaHOwFs4luLUK2k=
github.com/hashicorp/golang-lru/v2 v2.0.7/go.mod h1:QeFd9opnmA6QUJc5vARoKUSoFhyfM2/ZepoAG6RGpeM=
github.com/hexops/gotextdiff v1.0.3 h1:gitA9+qJrrTCsiCl7+kh75nPqQt1cx4ZkudSTLoUqJM=
github.com/hexops/gotextdiff v1.0.3/go.mod h1:pSWU5MAI3yDq+fZBTazCSJysOMbxWL1BSow5/V2vxeg=
github.com/jellydator/ttlcache/v3 v3.4.1 h1:bOdXmXiycyK6E6Qjyuj5vl+/vU3SCOoDs8a86NbHjAQ=
github.com/jellydator/ttlcache/v3 v3.4.1/go.mod h1:j7LO12PNghFg5+0v9budMAT4rDK4JY969jb9vOdOBBk=
github.com/jung-kurt/gofpdf v1.0.0/go.mod h1:7Id9E/uU8ce6rXgefFLlgrJj/GYY22cpxn+r32jIOes=
github.com/kenshaw/colors v0.2.4 h1:PB89i8kIX5+vpnJYq8G51IKJNDvdiEVBZKsO3/ETGDc=
github.com/kenshaw/colors v0.2.4/go.mod h1:Aok7+9KpR+qEwgCxDEoLBS6IGFhY1iRJIzbcv5ijewI=
github.com/kenshaw/fontimg v0.3.3 h1:tcN3sEANfF2tLvs1V+KkaKvBxfSDr1tuod975mp48TM=
github.com/kenshaw/fontimg v0.3.3/go.mod h1:ZqeSgPybearMYTkX2iC5TNzqe2ls6f4M3hPW5bk2I/s=
github.com/kenshaw/rasterm v0.1.17 h1:d0lybneB4Gz4OPytiyG7q1vsBOfSzu0bn9DGUXQfOHU=
github.com/kenshaw/rasterm v0.1.17/go.mod h1:pwcEWmdetZLCKAPJQLhwP8bFgHJIrn49Kck/EAfRjV4=
github.com/klauspost/compress v1.4.1/go.mod h1:RyIbtBH6LamlWaDj8nUwkbUhJ87Yi3uG0guNDohfE1A=
github.com/klauspost/compress v1.19.1 h1:VsB4HPswih7mmZ8WleSFQ75c/Ui1M4trX5oAsJnhSlk=
github.com/klauspost/compress v1.19.1/go.mod h1:cwPg85FWrGar70rWktvGQj8/hthj3wpl0PGDogxkrSQ=
github.com/klauspost/cpuid v1.2.0/go.mod h1:Pj4uuM528wm8OyEC2QMXAi2YiTZ96dNQPGgoMS4s3ek=
github.com/klauspost/pgzip v1.2.6 h1:8RXeL5crjEUFnR2/Sn6GJNWtSQ3Dk8pq4CL3jvdDyjU=
github.com/klauspost/pgzip v1.2.6/go.mod h1:Ch1tH69qFZu15pkjo5kYi6mth2Zzwzt50oCQKQE9RUs=
github.com/mattn/go-sixel v0.0.12 h1:pQadX/oJ4fhSi6RnFHggWELW1TvADrQP9b+Kdx1wNzs=
github.com/mattn/go-sixel v0.0.12/go.mod h1:Z5QJ/vRbnpAl4CTN0NZ0mzURdMccsG7rpGZ5eJfZ6ys=
github.com/mholt/archives v0.1.5 h1:Fh2hl1j7VEhc6DZs2DLMgiBNChUux154a1G+2esNvzQ=
github.com/mholt/archives v0.1.5/go.mod h1:3TPMmBLPsgszL+1As5zECTuKwKvIfj6YcwWPpeTAXF4=
github.com/mikelolasagasti/xz v1.0.1 h1:Q2F2jX0RYJUG3+WsM+FJknv+6eVjsjXNDV0KJXZzkD0=
github.com/mikelolasagasti/xz v1.0.1/go.mod h1:muAirjiOUxPRXwm9HdDtB3uoRPrGnL85XHtokL9Hcgc=
github.com/minio/minlz v1.2.0 h1:6IOBuiHg04QxvbFfgFLT/9sMaO/UhL7S+ApW1mK8q5A=
github.com/minio/minlz v1.2.0/go.mod h1:Ls9H7nlkASeCcdl5thjVD5Eraj6z+zGa7xtq57jIKD4=
github.com/nfnt/resize v0.0.0-20180221191011-83c6a9932646 h1:zYyBkD/k9seD2A7fsi6Oo2LfFZAehjjQMERAvZLEDnQ=
github.com/nfnt/resize v0.0.0-20180221191011-83c6a9932646/go.mod h1:jpp1/29i3P1S/RLdc7JQKbRpFeM1dOBd8T9ki5s+AY8=
github.com/nwaples/rardecode/v2 v2.2.5 h1:L5doqgGfQwI7qADJMqnkrSB86rpPsqQDrHeO0HWa5JY=
github.com/nwaples/rardecode/v2 v2.2.5/go.mod h1:7uz379lSxPe6j9nvzxUZ+n7mnJNgjsRNb6IbvGVHRmw=
github.com/phpdave11/gofpdf v1.4.3 h1:M/zHvS8FO3zh9tUd2RCOPEjyuVcs281FCyF22Qlz/IA=
github.com/phpdave11/gofpdf v1.4.3/go.mod h1:MAwzoUIgD3J55u0rxIG2eu37c+XWhBtXSpPAhnQXf/o=
github.com/phpdave11/gofpdi v1.0.15/go.mod h1:vBmVV0Do6hSBHC8uKUQ71JGW+ZGQq74llk/7bXwjDoI=
github.com/pierrec/lz4/v4 v4.1.27 h1:+PhzhWDrjRj89TH2sw43nE3+4+W8lSxIuQadEHZyjUk=
github.com/pierrec/lz4/v4 v4.1.27/go.mod h1:EoQMVJgeeEOMsCqCzqFm2O0cJvljX2nGZjcRIPL34O4=
github.com/pkg/errors v0.8.1/go.mod h1:bwawxfHBFNV+L2hUp1rHADufV3IMtnDRdf1r5NINEl0=
github.com/pkg/errors v0.9.1/go.mod h1:bwawxfHBFNV+L2hUp1rHADufV3IMtnDRdf1r5NINEl0=
github.com/pmezard/go-difflib v1.0.0/go.mod h1:iKH77koFhYxTK1pcRnkKkqfTogsbg7gZNVY4sRDYZ/4=
github.com/pmezard/go-difflib v1.0.1-0.20181226105442-5d4384ee4fb2 h1:Jamvg5psRIccs7FGNTlIRMkT8wgtp5eCXdBlqhYGL6U=
github.com/pmezard/go-difflib v1.0.1-0.20181226105442-5d4384ee4fb2/go.mod h1:iKH77koFhYxTK1pcRnkKkqfTogsbg7gZNVY4sRDYZ/4=
github.com/ruudk/golang-pdf417 v0.0.0-20181029194003-1af4ab5afa58/go.mod h1:6lfFZQK844Gfx8o5WFuvpxWRwnSoipWe/p622j1v06w=
github.com/sergeymakinen/go-bmp v1.0.0 h1:SdGTzp9WvCV0A1V0mBeaS7kQAwNLdVJbmHlqNWq0R+M=
github.com/sergeymakinen/go-bmp v1.0.0/go.mod h1:/mxlAQZRLxSvJFNIEGGLBE/m40f3ZnUifpgVDlcUIEY=
github.com/sergeymakinen/go-ico v1.0.0 h1:uL3khgvKkY6WfAetA+RqsguClBuu7HpvBB/nq/Jvr80=
github.com/sergeymakinen/go-ico v1.0.0/go.mod h1:wQ47mTczswBO5F0NoDt7O0IXgnV4Xy3ojrroMQzyhUk=
github.com/skip2/go-qrcode v0.0.0-20200617195104-da1b6568686e h1:MRM5ITcdelLK2j1vwZ3Je0FKVCfqOLp5zO6trqMLYs0=
github.com/skip2/go-qrcode v0.0.0-20200617195104-da1b6568686e/go.mod h1:XV66xRDqSt+GTGFMVlhk3ULuV0y9ZmzeVGR4mloJI3M=
github.com/soniakeys/quant v1.0.0 h1:N1um9ktjbkZVcywBVAAYpZYSHxEfJGzshHCxx/DaI0Y=
github.com/soniakeys/quant v1.0.0/go.mod h1:HI1k023QuVbD4H8i9YdfZP2munIHU4QpjsImz6Y6zds=
github.com/sorairolake/lzip-go v0.3.8 h1:j5Q2313INdTA80ureWYRhX+1K78mUXfMoPZCw/ivWik=
github.com/sorairolake/lzip-go v0.3.8/go.mod h1:JcBqGMV0frlxwrsE9sMWXDjqn3EeVf0/54YPsw66qkU=
github.com/spakin/netpbm v1.3.2 h1:ZAb16Sw/+b4QeO9NokEvejVvbrYdF6DdcYJe0dKONL0=
github.com/spakin/netpbm v1.3.2/go.mod h1:cVep9uXARFgAu2UU+0c+OE1J+eKmDN2hW0EN+tazkTA=
github.com/spf13/afero v1.15.0 h1:b/YBCLWAJdFWJTN9cLhiXXcD7mzKn9Dm86dNnfyQw1I=
github.com/spf13/afero v1.15.0/go.mod h1:NC2ByUVxtQs4b3sIUphxK0NioZnmxgyCrfzeuq8lxMg=
github.com/srwiley/oksvg v0.0.0-20221011165216-be6e8873101c h1:km8GpoQut05eY3GiYWEedbTT0qnSxrCjsVbb7yKY1KE=
github.com/srwiley/oksvg v0.0.0-20221011165216-be6e8873101c/go.mod h1:cNQ3dwVJtS5Hmnjxy6AgTPd0Inb3pW05ftPSX7NZO7Q=
github.com/srwiley/rasterx v0.0.0-20220730225603-2ab79fcdd4ef h1:Ch6Q+AZUxDBCVqdkI8FSpFyZDtCVBc2VmejdNrm5rRQ=
github.com/srwiley/rasterx v0.0.0-20220730225603-2ab79fcdd4ef/go.mod h1:nXTWP6+gD5+LUJ8krVhhoeHjvHTutPxMYl5SvkcnJNE=
github.com/srwiley/scanFT v0.0.0-20220128184157-0d1ee492111f h1:uLR2GaV0kWYZ3Ns3l3sjtiN+mOWAQadvrL8HXcyKjl0=
github.com/srwiley/scanFT v0.0.0-20220128184157-0d1ee492111f/go.mod h1:LZwgIPG9X6nH6j5Ef+xMFspl6Hru4b5EJxzMfeqHYJY=
github.com/srwiley/scanx v0.0.0-20190309010443-e94503791388 h1:ZdkidVdpLW13BQ9a+/3uerT2ezy9J7KQWH18JCfhDmI=
github.com/srwiley/scanx v0.0.0-20190309010443-e94503791388/go.mod h1:C/WY5lmWfMtPFYYBTd3Lzdn4FTLr+RxlIeiBNye+/os=
github.com/stangelandcl/ppmd v0.1.1 h1:c25QazhlWUn5nmR1QOzafKhQxBicAr7GGCKER2aJ8H8=
github.com/stangelandcl/ppmd v0.1.1/go.mod h1:Rrv7M+/2P5jYr/GMLhBl7Ug3uJ1bUiVzr5LbbaV6xgY=
github.com/stephenafamo/goldmark-pdf v0.4.2 h1:ziBT2kxBv+7MMl26G0r/jHh+2Vvl97R+R7isz6pME0M=
github.com/stephenafamo/goldmark-pdf v0.4.2/go.mod h1:GphJ8E9yl8Tbo5sgwTsDGyxyb/E24S/059uQf81oIaw=
github.com/stretchr/objx v0.1.0/go.mod h1:HFkY916IF+rwdDfMAkV7OtwuqBVzrE8GR6GFx+wExME=
github.com/stretchr/objx v0.4.0/go.mod h1:YvHI0jy2hoMjB+UWwv71VJQ9isScKT/TqJzVSSt89Yw=
github.com/stretchr/objx v0.5.0/go.mod h1:Yh+to48EsGEfYuaHDzXPcE3xhTkx73EhmCGUpEOglKo=
github.com/stretchr/objx v0.5.2 h1:xuMeJ0Sdp5ZMRXx/aWO6RZxdr3beISkG5/G/aIRr3pY=
github.com/stretchr/objx v0.5.2/go.mod h1:FRsXN1f5AsAjCGJKqEizvkpNtU+EGNCLh3NxZ/8L+MA=
github.com/stretchr/testify v1.2.2/go.mod h1:a8OnRcib4nhh0OaRAV+Yts87kKdq0PP7pXfy6kDkUVs=
github.com/stretchr/testify v1.7.1/go.mod h1:6Fq8oRcR53rry900zMqJjRRixrwX3KX962/h/Wwjteg=
github.com/stretchr/testify v1.8.0/go.mod h1:yNjHg4UonilssWZ8iaSj1OCr/vHnekPRkoO+kdMU+MU=
github.com/stretchr/testify v1.8.1/go.mod h1:w2LPCIKwWwSfY2zedu0+kehJoqGctiVI29o6fzry7u4=
github.com/stretchr/testify v1.11.1 h1:7s2iGBzp5EwR7/aIZr8ao5+dra3wiQyKjjFuvgVKu7U=
github.com/stretchr/testify v1.11.1/go.mod h1:wZwfW3scLgRK+23gO65QZefKpKQRnfz6sD981Nm4B6U=
github.com/tc-hib/winres v0.3.1 h1:CwRjEGrKdbi5CvZ4ID+iyVhgyfatxFoizjPhzez9Io4=
github.com/tc-hib/winres v0.3.1/go.mod h1:C/JaNhH3KBvhNKVbvdlDWkbMDO9H4fKKDaN7/07SSuk=
github.com/tdewolff/canvas v0.0.0-20260714230319-248e24504c3b h1:nfrp/2YyXxBdhIKCdtNWRfy3C89CpD2LVu467JDU66w=
github.com/tdewolff/canvas v0.0.0-20260714230319-248e24504c3b/go.mod h1:EUnkUjU6A6BOIzmtICjy/2nGxJa1oXXYLv0kVELAcYE=
github.com/tdewolff/font v0.0.0-20260527091451-1663e68cb8a4 h1:QmSG/RtOlLPJDLJ24XHSDEu4iSgcG+s9sdRg7wTdfpk=
github.com/tdewolff/font v0.0.0-20260527091451-1663e68cb8a4/go.mod h1:tQzLTuJVLs4Pp6Vxdn3PJ7sAe4gIuph3SBm/BmdlmR0=
github.com/tdewolff/minify/v2 v2.24.13 h1:xrcF7gKDnUszseEY9WX9mUlZII2v2Go/QAcAwRASw58=
github.com/tdewolff/minify/v2 v2.24.13/go.mod h1:emvwoYeIl8bfAKqRU5ww95LX9Gpggpqv/naal9a8Yq0=
github.com/tdewolff/parse/v2 v2.8.13 h1:si/8rLw5BZZTWCCiMm9A3f6x+RmqYfrkEeXCgpX5ick=
github.com/tdewolff/parse/v2 v2.8.13/go.mod h1:XdsoSFThlVIRIajAuqz1evNY7bagZS8LBOPA3aVopwQ=
github.com/tdewolff/test v1.0.12 h1:7F21DqIajswxuche0geHdrUZRCWE4oko4b7bcmkkrxk=
github.com/tdewolff/test v1.0.12/go.mod h1:XPuWBzvdUzhCuxWO1ojpXsyzsA5bFoS3tO/Q3kFuTG8=
github.com/ulikunitz/xz v0.5.8/go.mod h1:nbz6k7qbPmH4IRqmfOplQw/tblSgqTqBwxkY0oWt/14=
github.com/ulikunitz/xz v0.5.16 h1:ld6NyySjx5lowVKwJvMRLnW5nxKX/xnpSiFYZ/Lxur0=
github.com/ulikunitz/xz v0.5.16/go.mod h1:H9Rt/W6/Qj27PGauhQc6nfCDy7vHpzsOThBSaYDoEhw=
github.com/xo/ox v0.0.0-20260622193027-2d66424338ed h1:YScBkwZowpExnXkb032xkE+Kwol6ETdGtUkTUiv/w50=
github.com/xo/ox v0.0.0-20260622193027-2d66424338ed/go.mod h1:+6RXNJJpVg7xIpYxSK4Sj70vAKmNxL3nujmQgxNakdc=
github.com/xo/resvg v0.7.0 h1:p02Uj7yjLpH9kAtD0Mi7T1wGgjnZQE39ZxF7Q+K38Jk=
github.com/xo/resvg v0.7.0/go.mod h1:4ex8pJgm8huhqIQub3BtlijgmFVZOXTKS3yE47oX/kU=
github.com/xyproto/randomstring v1.0.5 h1:YtlWPoRdgMu3NZtP45drfy1GKoojuR7hmRcnhZqKjWU=
github.com/xyproto/randomstring v1.0.5/go.mod h1:rgmS5DeNXLivK7YprL0pY+lTuhNQW3iGxZ18UQApw/E=
github.com/yuin/goldmark v1.8.4 h1:oat/nd3U6NeQqFEL3xpEJq7d7c86NI+DbSNGAs4xnjA=
github.com/yuin/goldmark v1.8.4/go.mod h1:ip/1k0VRfGynBgxOz0yCqHrbZXhcjxyuS66Brc7iBKg=
go.uber.org/goleak v1.3.0 h1:2K3zAYmnTNqV73imy9J1T3WC+gmCePx2hEGkimedGto=
go.uber.org/goleak v1.3.0/go.mod h1:CoHD4mav9JJNrW/WLlf7HGZPjdw8EucARQHekz1X6bE=
go4.org v0.0.0-20260112195520-a5071408f32f h1:ziUVAjmTPwQMBmYR1tbdRFJPtTcQUI12fH9QQjfb0Sw=
go4.org v0.0.0-20260112195520-a5071408f32f/go.mod h1:ZRJnO5ZI4zAwMFp+dS1+V6J6MSyAowhRqAE+DPa1Xp0=
golang.org/x/image v0.0.0-20190910094157-69e4b8554b2a/go.mod h1:FeLwcggjj3mMvU+oOTbSwawSJRM1uh48EjtB4UJZlP0=
golang.org/x/image v0.0.0-20210504121937-7319ad40d33e/go.mod h1:FeLwcggjj3mMvU+oOTbSwawSJRM1uh48EjtB4UJZlP0=
golang.org/x/image v0.44.0 h1:+tDekMZED9+LrtB3G5xzRggpVh9CARjZqROla3R3R+I=
golang.org/x/image v0.44.0/go.mod h1:V8K3KE9KKKE+pLpQDOeN18w9oacNSvy1tDOirTu4xtY=
golang.org/x/net v0.0.0-20210510120150-4163338589ed/go.mod h1:9nx3DQGgdP8bBQD5qxJ1jj9UTztislL4KSBs9R2vV5Y=
golang.org/x/net v0.57.0 h1:K5+3DljvIuDG9/Jv9rvyMywYNFCQ9RSUY6OOTTkT+tE=
golang.org/x/net v0.57.0/go.mod h1:KpXc8iv+r3XplLAG/f7Jsf9RPszJzdR0f58q9vGOuEU=
golang.org/x/sync v0.22.0 h1:SZjpbeLmrCk4xhRSZFNZW5gFUeCeFgjekvI/+gfScek=
golang.org/x/sync v0.22.0/go.mod h1:9xrNwdLfx4jkKbNva9FpL6vEN7evnE43NNNJQ2LF3+0=
golang.org/x/sys v0.0.0-20201119102817-f84b799fce68/go.mod h1:h1NjWce9XRLGQEsW7wpKNCjG9DtNlClVuFLEZdDNbEs=
golang.org/x/sys v0.0.0-20210423082822-04245dca01da/go.mod h1:h1NjWce9XRLGQEsW7wpKNCjG9DtNlClVuFLEZdDNbEs=
golang.org/x/sys v0.47.0 h1:o7XGOvZQCADBQQ4Y7VNq2dRWQR7JmOUW8Kxx4ZsNgWs=
golang.org/x/sys v0.47.0/go.mod h1:4GL1E5IUh+htKOUEOaiffhrAeqysfVGipDYzABqnCmw=
golang.org/x/term v0.0.0-20201126162022-7de9c90e9dd1/go.mod h1:bj7SfCRtBDWHUb9snDiAeCFNEtKQo2Wmx5Cou7ajbmo=
golang.org/x/term v0.45.0 h1:NwWyBmoJCbfTHpxrWoZ9C6/VxOf7ic219I8xZZFdrf0=
golang.org/x/term v0.45.0/go.mod h1:9aqxs0blBcrm/n0L9QW0aRVD+ktan8ssZromtqJC43w=
golang.org/x/text v0.3.0/go.mod h1:NqM8EUOU14njkJ3fqMW+pc6Ldnwhi/IjpwHt7yyuwOQ=
golang.org/x/text v0.3.6/go.mod h1:5Zoc/QRtKVWzQhOtBMvqHzDpF6irO9z98xDceosuGiQ=
golang.org/x/text v0.3.7/go.mod h1:u+2+/6zg+i71rQMx5EYifcz6MCKuco9NR6JIITiCfzQ=
golang.org/x/text v0.40.0 h1:Ub2Z6/xjgF1WrYQz2nuITOEegKFtiIy+rieRJ5lHZKs=
golang.org/x/text v0.40.0/go.mod h1:hpnzDAfGV753zIKo+wk3u1bVKCGPbrnF7+7LBF/UHVY=
golang.org/x/tools v0.0.0-20180917221912-90fa682c2a6e/go.mod h1:n7NCudcB/nEzxVGmLbDWY5pfWTLqBcC2KZ6jyYvM4mQ=
golang.org/x/xerrors v0.0.0-20191204190536-9bdfabe68543/go.mod h1:I/5z698sn9Ka8TeJc9MKroUUfqBBauWjQqLJ2OPfmY0=
gonum.org/v1/plot v0.17.0 h1:d0DwPVBe9jnEGqQBoZGl/P2M9WciJbG2CnV59C9QBT4=
gonum.org/v1/plot v0.17.0/go.mod h1:ipt2GUN1oqzr2O7wCjLDtw1ShfIYYNBp4o0O1Ez5B3Y=
gopkg.in/check.v1 v0.0.0-20161208181325-20d25e280405/go.mod h1:Co6ibVJAznAaIkqp8huTwlJQCZ016jof/cbN4VW5Yz0=
gopkg.in/yaml.v3 v3.0.0-20200313102051-9f266ea9e77c/go.mod h1:K4uyk7z7BCEPqu6E+C64Yfv1cQ7kz7rIZviUmN+EgEM=
gopkg.in/yaml.v3 v3.0.1 h1:fxVm/GzAzEWqLHuvctI91KS9hhNmmWOoWu0XTYJS7CA=
gopkg.in/yaml.v3 v3.0.1/go.mod h1:K4uyk7z7BCEPqu6E+C64Yfv1cQ7kz7rIZviUmN+EgEM=
modernc.org/knuth v0.5.5 h1:6lap2U/ISm8aC/4NU58ALFCRllNPaK0EZcIGY/oDgUg=
modernc.org/knuth v0.5.5/go.mod h1:e5SBb35HQBj2aFwbBO3ClPcViLY3Wi0LzaOd7c/3qMk=
modernc.org/token v1.1.0 h1:Xl7Ap9dKaEs5kLoOQeQmPWevfnk/DM5qcLcYlA8ys6Y=
modernc.org/token v1.1.0/go.mod h1:UGzOrNV1mAFSEB63lOFHIpNRUVMvYTc6yu1SMY/XTDM=
rsc.io/pdf v0.1.1 h1:k1MczvYDUvJBe93bYd7wrZLLUEcLZAuF824/I4e5Xr4=
rsc.io/pdf v0.1.1/go.mod h1:n8OzWcQ6Sp37PL01nO98y4iUCRdTGarVfzxY20ICaU4=
star-tex.org/x/tex v0.7.1 h1:4qGAByRyY0WQsOjtcHlxz+FgrYxz8fzxIds2Gjepp5U=
star-tex.org/x/tex v0.7.1/go.mod h1:Y3y0U7sZTltTh/CDZIx0oAtMjG7eMaTuTtvDZGdyhJo=
